{
  "originHash" : "1e81f9c1769c494f30b6923f94e6b21ce708f1c3f1ecc73fa1712a4c134b4933",
  "pins" : [
    {
      "identity" : "swiftglow",
      "kind" : "remoteSourceControl",
      "location" : "https://github.com/margox/SwiftGlow.git",
      "state" : {
        "revision" : "bda8c5f0e26172ef53e240096bef384128b972e7",
        "version" : "0.1.3"
      }
    }
  ],
  "version" : 3
}
